
Microsoft Visual Studio Solution File, Format Version 12.00
# Visual Studio Version 16
VisualStudioVersion = 16.0.30907.101
MinimumVisualStudioVersion = 10.0.40219.1
Project("{FAE04EC0-301F-11D3-BF4B-00C04F79EFBC}") = "ScaryTicket", "ScaryTicket.csproj", "{EF209CC3-2A5D-44A5-8DCF-04D4BD1FF320}"
EndProject
Global
	GlobalSection(SolutionConfigurationPlatforms) = preSolution
		Debug|Any CPU = Debug|Any CPU
		Release|Any CPU = Release|Any CPU
	EndGlobalSection
	GlobalSection(ProjectConfigurationPlatforms) = postSolution
		{EF209CC3-2A5D-44A5-8DCF-04D4BD1FF320}.Debug|Any CPU.ActiveCfg = Debug|Any CPU
		{EF209CC3-2A5D-44A5-8DCF-04D4BD1FF320}.Debug|Any CPU.Build.0 = Debug|Any CPU
		{EF209CC3-2A5D-44A5-8DCF-04D4BD1FF320}.Release|Any CPU.ActiveCfg = Release|Any CPU
		{EF209CC3-2A5D-44A5-8DCF-04D4BD1FF320}.Release|Any CPU.Build.0 = Release|Any CPU
	EndGlobalSection
	GlobalSection(SolutionProperties) = preSolution
		HideSolutionNode = FALSE
	EndGlobalSection
	GlobalSection(ExtensibilityGlobals) = postSolution
		SolutionGuid = {72AE4C55-60DD-4979-91EF-00EF271D8E26}
	EndGlobalSection
EndGlobal
